PODS:
  - MBProgressHUD (1.1.0)
  - SQRBaseDefineWithFunction (0.1.7):
    - SQRBaseDefineWithFunction/MBProgressHUD (= 0.1.7)
    - SQRBaseDefineWithFunction/Toast (= 0.1.7)
  - SQRBaseDefineWithFunction/MBProgressHUD (0.1.7):
    - MBProgressHUD
  - SQRBaseDefineWithFunction/Toast (0.1.7):
    - Toast
  - Toast (4.0.0)

DEPENDENCIES:
  - SQRBaseDefineWithFunction (from `https://github.com/pengruiCode/SQRBaseDefineWithFunction.git`)

SPEC REPOS:
  https://github.com/CocoaPods/Specs.git:
    - MBProgressHUD
    - Toast

EXTERNAL SOURCES:
  SQRBaseDefineWithFunction:
    :git: https://github.com/pengruiCode/SQRBaseDefineWithFunction.git

CHECKOUT OPTIONS:
  SQRBaseDefineWithFunction:
    :commit: a490c4ff6f99085ca2e2ad41d22fed5794b97526
    :git: https://github.com/pengruiCode/SQRBaseDefineWithFunction.git

SPEC CHECKSUMS:
  MBProgressHUD: e7baa36a220447d8aeb12769bf0585582f3866d9
  SQRBaseDefineWithFunction: 551b4802198e8536fd60658a8135dffa0621479c
  Toast: 91b396c56ee72a5790816f40d3a94dd357abc196

PODFILE CHECKSUM: 6dfdb91063a1b8ae83b52dda16c3d4d108b409e5

COCOAPODS: 1.5.0
